
Microsoft Visual Studio Solution File, Format Version 12.00
# Visual Studio Version 16
VisualStudioVersion = 16.0.30804.86
MinimumVisualStudioVersion = 10.0.40219.1
Project("{9A19103F-16F7-4668-BE54-9A1E7A4F7556}") = "ShioriSharp", "ShioriSharp\ShioriSharp.csproj", "{3397FA61-B668-45AF-818E-F7AE85D9C41D}"
EndProject
Project("{9A19103F-16F7-4668-BE54-9A1E7A4F7556}") = "HeadersShortcutGenerator", "HeadersShortcutGenerator\HeadersShortcutGenerator.csproj", "{CDD2964F-995B-4FCE-B939-3AFA2A8724AE}"
EndProject
Project("{FAE04EC0-301F-11D3-BF4B-00C04F79EFBC}") = "ShioriSharpTest", "ShioriSharpTest\ShioriSharpTest.csproj", "{3DA3BF4D-AA6A-4BE5-8D92-FC3CD39D867F}"
EndProject
Global
	GlobalSection(SolutionConfigurationPlatforms) = preSolution
		Debug|Any CPU = Debug|Any CPU
		Release|Any CPU = Release|Any CPU
	EndGlobalSection
	GlobalSection(ProjectConfigurationPlatforms) = postSolution
		{3397FA61-B668-45AF-818E-F7AE85D9C41D}.Debug|Any CPU.ActiveCfg = Debug|Any CPU
		{3397FA61-B668-45AF-818E-F7AE85D9C41D}.Debug|Any CPU.Build.0 = Debug|Any CPU
		{3397FA61-B668-45AF-818E-F7AE85D9C41D}.Release|Any CPU.ActiveCfg = Release|Any CPU
		{3397FA61-B668-45AF-818E-F7AE85D9C41D}.Release|Any CPU.Build.0 = Release|Any CPU
		{CDD2964F-995B-4FCE-B939-3AFA2A8724AE}.Debug|Any CPU.ActiveCfg = Debug|Any CPU
		{CDD2964F-995B-4FCE-B939-3AFA2A8724AE}.Debug|Any CPU.Build.0 = Debug|Any CPU
		{CDD2964F-995B-4FCE-B939-3AFA2A8724AE}.Release|Any CPU.ActiveCfg = Release|Any CPU
		{CDD2964F-995B-4FCE-B939-3AFA2A8724AE}.Release|Any CPU.Build.0 = Release|Any CPU
		{3DA3BF4D-AA6A-4BE5-8D92-FC3CD39D867F}.Debug|Any CPU.ActiveCfg = Debug|Any CPU
		{3DA3BF4D-AA6A-4BE5-8D92-FC3CD39D867F}.Debug|Any CPU.Build.0 = Debug|Any CPU
		{3DA3BF4D-AA6A-4BE5-8D92-FC3CD39D867F}.Release|Any CPU.ActiveCfg = Release|Any CPU
		{3DA3BF4D-AA6A-4BE5-8D92-FC3CD39D867F}.Release|Any CPU.Build.0 = Release|Any CPU
	EndGlobalSection
	GlobalSection(SolutionProperties) = preSolution
		HideSolutionNode = FALSE
	EndGlobalSection
	GlobalSection(ExtensibilityGlobals) = postSolution
		SolutionGuid = {F6E622A0-5BF8-498D-8D11-84026B7D3775}
	EndGlobalSection
EndGlobal
